# This file is automatically @generated by Poetry and should not be changed by hand.

[[package]]
name = "debugpy"
version = "1.6.5"
description = "An implementation of the Debug Adapter Protocol for Python"
category = "main"
optional = false
python-versions = ">=3.7"
files = [
    {file = "debugpy-1.6.5-cp310-cp310-macosx_11_0_x86_64.whl", hash = "sha256:696165f021a6a17da08163eaae84f3faf5d8be68fb78cd78488dd347e625279c"},
    {file = "debugpy-1.6.5-cp310-cp310-manylinux_2_17_x86_64.manylinux2014_x86_64.whl", hash = "sha256:17039e392d6f38388a68bd02c5f823b32a92142a851e96ba3ec52aeb1ce9d900"},
    {file = "debugpy-1.6.5-cp310-cp310-win32.whl", hash = "sha256:62a06eb78378292ba6c427d861246574dc8b84471904973797b29dd33c7c2495"},
    {file = "debugpy-1.6.5-cp310-cp310-win_amd64.whl", hash = "sha256:9984fc00ab372c97f63786c400107f54224663ea293daab7b365a5b821d26309"},
    {file = "debugpy-1.6.5-cp37-cp37m-macosx_10_15_x86_64.whl", hash = "sha256:048368f121c08b00bbded161e8583817af5055982d2722450a69efe2051621c2"},
    {file = "debugpy-1.6.5-cp37-cp37m-manylinux_2_17_x86_64.manylinux2014_x86_64.whl", hash = "sha256:74e4eca42055759032e3f1909d1374ba1d729143e0c2729bb8cb5e8b5807c458"},
    {file = "debugpy-1.6.5-cp37-cp37m-win32.whl", hash = "sha256:0f9afcc8cad6424695f3356dc9a7406d5b18e37ee2e73f34792881a44b02cc50"},
    {file = "debugpy-1.6.5-cp37-cp37m-win_amd64.whl", hash = "sha256:b5a74ecebe5253344501d9b23f74459c46428b30437fa9254cfb8cb129943242"},
    {file = "debugpy-1.6.5-cp38-cp38-macosx_10_15_x86_64.whl", hash = "sha256:9e809ef787802c808995e5b6ade714a25fa187f892b41a412d418a15a9c4a432"},
    {file = "debugpy-1.6.5-cp38-cp38-manylinux_2_17_x86_64.manylinux2014_x86_64.whl", hash = "sha256:947c686e8adb46726f3d5f19854f6aebf66c2edb91225643c7f44b40b064a235"},
    {file = "debugpy-1.6.5-cp38-cp38-win32.whl", hash = "sha256:377391341c4b86f403d93e467da8e2d05c22b683f08f9af3e16d980165b06b90"},
    {file = "debugpy-1.6.5-cp38-cp38-win_amd64.whl", hash = "sha256:286ae0c2def18ee0dc8a61fa76d51039ca8c11485b6ed3ef83e3efe8a23926ae"},
    {file = "debugpy-1.6.5-cp39-cp39-macosx_11_0_x86_64.whl", hash = "sha256:500dd4a9ff818f5c52dddb4a608c7de5371c2d7d905c505eb745556c579a9f11"},
    {file = "debugpy-1.6.5-cp39-cp39-manylinux_2_17_x86_64.manylinux2014_x86_64.whl", hash = "sha256:8f3fab217fe7e2acb2d90732af1a871947def4e2b6654945ba1ebd94bd0bea26"},
    {file = "debugpy-1.6.5-cp39-cp39-win32.whl", hash = "sha256:15bc5febe0edc79726517b1f8d57d7ac7c784567b5ba804aab8b1c9d07a57018"},
    {file = "debugpy-1.6.5-cp39-cp39-win_amd64.whl", hash = "sha256:7e84d9e4420122384cb2cc762a00b4e17cbf998022890f89b195ce178f78ff47"},
    {file = "debugpy-1.6.5-py2.py3-none-any.whl", hash = "sha256:8116e40a1cd0593bd2aba01d4d560ee08f018da8e8fbd4cbd24ff09b5f0e41ef"},
    {file = "debugpy-1.6.5.zip", hash = "sha256:5e55e6c79e215239dd0794ee0bf655412b934735a58e9d705e5c544f596f1603"},
]

[metadata]
lock-version = "2.0"
python-versions = "^3.11"
content-hash = "6b50136490b64c9aa7e46b57c71512668547869e50a0c973dfe67e652aad276c"
