{
  "nodes": {
    "eza": {
      "flake": false,
      "locked": {
        "lastModified": 1769809484,
        "narHash": "sha256-kAzPLtxJP88FJm390346efeIbGDWUc0bDMrMtqG4CbA=",
        "owner": "eza-community",
        "repo": "eza",
        "rev": "33a6626dcb1a0c8a022c0d55afdea07370da7afe",
        "type": "github"
      },
      "original": {
        "owner": "eza-community",
        "repo": "eza",
        "type": "github"
      }
    },
    "eza-themes": {
      "flake": false,
      "locked": {
        "lastModified": 1765813820,
        "narHash": "sha256-WcwzKm2mi/tyA+zZCpyvTdrOrZ1R1ENA3t622SGzFas=",
        "owner": "eza-community",
        "repo": "eza-themes",
        "rev": "1239cb1dd23fa8b70865550db77701b164a53cde",
        "type": "github"
      },
      "original": {
        "owner": "eza-community",
        "repo": "eza-themes",
        "type": "github"
      }
    },
    "home-manager": {
      "inputs": {
        "nixpkgs": [
          "nixpkgs"
        ]
      },
      "locked": {
        "lastModified": 1770318660,
        "narHash": "sha256-yFVde8QZK7Dc0Xa8eQDsmxLX4NJNfL1NKfctSyiQgMY=",
        "owner": "nix-community",
        "repo": "home-manager",
        "rev": "471e6a065f9efed51488d7c51a9abbd387df91b8",
        "type": "github"
      },
      "original": {
        "owner": "nix-community",
        "repo": "home-manager",
        "type": "github"
      }
    },
    "k9s": {
      "flake": false,
      "locked": {
        "lastModified": 1770250653,
        "narHash": "sha256-ReNTTgOY3pUUpt/NfJmAOtRlwwX4+8nuCPEpQ/Ysyxg=",
        "owner": "derailed",
        "repo": "k9s",
        "rev": "20cac12c2a2b85b3bab2777d99dce474213b9a62",
        "type": "github"
      },
      "original": {
        "owner": "derailed",
        "repo": "k9s",
        "type": "github"
      }
    },
    "nix-darwin": {
      "inputs": {
        "nixpkgs": [
          "nixpkgs"
        ]
      },
      "locked": {
        "lastModified": 1770184146,
        "narHash": "sha256-DsqnN6LvXmohTRaal7tVZO/AKBuZ02kPBiZKSU4qa/k=",
        "owner": "nix-darwin",
        "repo": "nix-darwin",
        "rev": "0d7874ef7e3ba02d58bebb871e6e29da36fa1b37",
        "type": "github"
      },
      "original": {
        "owner": "nix-darwin",
        "ref": "master",
        "repo": "nix-darwin",
        "type": "github"
      }
    },
    "nixpkgs": {
      "locked": {
        "lastModified": 1770197578,
        "narHash": "sha256-AYqlWrX09+HvGs8zM6ebZ1pwUqjkfpnv8mewYwAo+iM=",
        "owner": "NixOS",
        "repo": "nixpkgs",
        "rev": "00c21e4c93d963c50d4c0c89bfa84ed6e0694df2",
        "type": "github"
      },
      "original": {
        "owner": "NixOS",
        "ref": "nixos-unstable",
        "repo": "nixpkgs",
        "type": "github"
      }
    },
    "root": {
      "inputs": {
        "eza": "eza",
        "eza-themes": "eza-themes",
        "home-manager": "home-manager",
        "k9s": "k9s",
        "nix-darwin": "nix-darwin",
        "nixpkgs": "nixpkgs",
        "rose-pine-btop": "rose-pine-btop"
      }
    },
    "rose-pine-btop": {
      "flake": false,
      "locked": {
        "lastModified": 1762352811,
        "narHash": "sha256-vtqqMEQbPOSRfQ28RIln5zZ4cZlyB3sMc2NaLUcITWo=",
        "owner": "rose-pine",
        "repo": "btop",
        "rev": "c27e5d48e44e8bd115a2838ecf8cf1f3ea39475e",
        "type": "github"
      },
      "original": {
        "owner": "rose-pine",
        "repo": "btop",
        "type": "github"
      }
    }
  },
  "root": "root",
  "version": 7
}
